
Microsoft Visual Studio Solution File, Format Version 12.00
# Visual Studio Version 17
VisualStudioVersion = 17.9.34902.65
MinimumVisualStudioVersion = 10.0.40219.1
Project("{9A19103F-16F7-4668-BE54-9A1E7A4F7556}") = "ApiMovies", "ApiMovies.csproj", "{C5C34442-567F-42C3-9B6D-7A034681B240}"
EndProject
Project("{9A19103F-16F7-4668-BE54-9A1E7A4F7556}") = "Test", "..\Test\Test.csproj", "{4208ABC6-2C25-47B6-990D-2243CB62E5B3}"
EndProject
Global
	GlobalSection(SolutionConfigurationPlatforms) = preSolution
		Debug|Any CPU = Debug|Any CPU
		Release|Any CPU = Release|Any CPU
	EndGlobalSection
	GlobalSection(ProjectConfigurationPlatforms) = postSolution
		{C5C34442-567F-42C3-9B6D-7A034681B240}.Debug|Any CPU.ActiveCfg = Debug|Any CPU
		{C5C34442-567F-42C3-9B6D-7A034681B240}.Debug|Any CPU.Build.0 = Debug|Any CPU
		{C5C34442-567F-42C3-9B6D-7A034681B240}.Release|Any CPU.ActiveCfg = Release|Any CPU
		{C5C34442-567F-42C3-9B6D-7A034681B240}.Release|Any CPU.Build.0 = Release|Any CPU
		{4208ABC6-2C25-47B6-990D-2243CB62E5B3}.Debug|Any CPU.ActiveCfg = Debug|Any CPU
		{4208ABC6-2C25-47B6-990D-2243CB62E5B3}.Debug|Any CPU.Build.0 = Debug|Any CPU
		{4208ABC6-2C25-47B6-990D-2243CB62E5B3}.Release|Any CPU.ActiveCfg = Release|Any CPU
		{4208ABC6-2C25-47B6-990D-2243CB62E5B3}.Release|Any CPU.Build.0 = Release|Any CPU
	EndGlobalSection
	GlobalSection(SolutionProperties) = preSolution
		HideSolutionNode = FALSE
	EndGlobalSection
	GlobalSection(ExtensibilityGlobals) = postSolution
		SolutionGuid = {E235DE02-678C-432C-811F-5E19FA64AA00}
	EndGlobalSection
EndGlobal
